
Microsoft Visual Studio Solution File, Format Version 12.00
# Visual Studio 2013
VisualStudioVersion = 12.0.31101.0
MinimumVisualStudioVersion = 10.0.40219.1
Project("{FAE04EC0-301F-11D3-BF4B-00C04F79EFBC}") = "MediaSystem", "MediaSystem\MediaSystem.csproj", "{93B1FD2D-5326-42EF-B854-AF13FCFB0711}"
EndProject
Project("{FAE04EC0-301F-11D3-BF4B-00C04F79EFBC}") = "MediaSystem.Tests", "MediaSystem.Tests\MediaSystem.Tests.csproj", "{3F7A625A-BDDF-4887-866F-CA71A8DDA893}"
EndProject
Global
	GlobalSection(SolutionConfigurationPlatforms) = preSolution
		Debug|Any CPU = Debug|Any CPU
		Release|Any CPU = Release|Any CPU
	EndGlobalSection
	GlobalSection(ProjectConfigurationPlatforms) = postSolution
		{93B1FD2D-5326-42EF-B854-AF13FCFB0711}.Debug|Any CPU.ActiveCfg = Debug|Any CPU
		{93B1FD2D-5326-42EF-B854-AF13FCFB0711}.Debug|Any CPU.Build.0 = Debug|Any CPU
		{93B1FD2D-5326-42EF-B854-AF13FCFB0711}.Release|Any CPU.ActiveCfg = Release|Any CPU
		{93B1FD2D-5326-42EF-B854-AF13FCFB0711}.Release|Any CPU.Build.0 = Release|Any CPU
		{3F7A625A-BDDF-4887-866F-CA71A8DDA893}.Debug|Any CPU.ActiveCfg = Debug|Any CPU
		{3F7A625A-BDDF-4887-866F-CA71A8DDA893}.Debug|Any CPU.Build.0 = Debug|Any CPU
		{3F7A625A-BDDF-4887-866F-CA71A8DDA893}.Release|Any CPU.ActiveCfg = Release|Any CPU
		{3F7A625A-BDDF-4887-866F-CA71A8DDA893}.Release|Any CPU.Build.0 = Release|Any CPU
	EndGlobalSection
	GlobalSection(SolutionProperties) = preSolution
		HideSolutionNode = FALSE
	EndGlobalSection
EndGlobal
